
Microsoft Visual Studio Solution File, Format Version 12.00
# Visual Studio 15
VisualStudioVersion = 15.0.28307.438
MinimumVisualStudioVersion = 10.0.40219.1
Project("{9A19103F-16F7-4668-BE54-9A1E7A4F7556}") = "API", "API\API.csproj", "{622EC1B2-D19D-4CE9-8DB8-E1173A4D5120}"
EndProject
Project("{9A19103F-16F7-4668-BE54-9A1E7A4F7556}") = "Model", "Model\Model.csproj", "{FB657B2F-30B1-450C-9072-EBF9438CD465}"
EndProject
Project("{9A19103F-16F7-4668-BE54-9A1E7A4F7556}") = "Client", "Client\Client.csproj", "{16066877-D3ED-45F8-8A28-906C1A5FC623}"
EndProject
Project("{9A19103F-16F7-4668-BE54-9A1E7A4F7556}") = "IdSrv", "IdSrv\IdSrv.csproj", "{FDB5E76D-9361-4E11-9F3A-1489D2CD6DFB}"
EndProject
Project("{9A19103F-16F7-4668-BE54-9A1E7A4F7556}") = "Client-Saml", "Client-Saml\Client-Saml.csproj", "{DECA8324-7102-4180-8990-23E80695E79C}"
EndProject
Project("{9A19103F-16F7-4668-BE54-9A1E7A4F7556}") = "OpenIdClient", "OpenIdClient\OpenIdClient.csproj", "{A883EF41-1D79-4ADE-9DB5-0E40B0BD7740}"
EndProject
Project("{9A19103F-16F7-4668-BE54-9A1E7A4F7556}") = "IdServerNgUi", "IdServerNgUi\IdServerNgUi.csproj", "{E7A91A98-B2E7-4D40-B173-2C7C86498D73}"
EndProject
Project("{FAE04EC0-301F-11D3-BF4B-00C04F79EFBC}") = "IS-angularUI", "IS-angularUI\IS-angularUI.csproj", "{5D1AEDA3-62F0-491B-828C-568CB1859D5B}"
EndProject
Global
	GlobalSection(SolutionConfigurationPlatforms) = preSolution
		Debug|Any CPU = Debug|Any CPU
		Release|Any CPU = Release|Any CPU
	EndGlobalSection
	GlobalSection(ProjectConfigurationPlatforms) = postSolution
		{622EC1B2-D19D-4CE9-8DB8-E1173A4D5120}.Debug|Any CPU.ActiveCfg = Debug|Any CPU
		{622EC1B2-D19D-4CE9-8DB8-E1173A4D5120}.Debug|Any CPU.Build.0 = Debug|Any CPU
		{622EC1B2-D19D-4CE9-8DB8-E1173A4D5120}.Release|Any CPU.ActiveCfg = Release|Any CPU
		{622EC1B2-D19D-4CE9-8DB8-E1173A4D5120}.Release|Any CPU.Build.0 = Release|Any CPU
		{FB657B2F-30B1-450C-9072-EBF9438CD465}.Debug|Any CPU.ActiveCfg = Debug|Any CPU
		{FB657B2F-30B1-450C-9072-EBF9438CD465}.Debug|Any CPU.Build.0 = Debug|Any CPU
		{FB657B2F-30B1-450C-9072-EBF9438CD465}.Release|Any CPU.ActiveCfg = Release|Any CPU
		{FB657B2F-30B1-450C-9072-EBF9438CD465}.Release|Any CPU.Build.0 = Release|Any CPU
		{16066877-D3ED-45F8-8A28-906C1A5FC623}.Debug|Any CPU.ActiveCfg = Debug|Any CPU
		{16066877-D3ED-45F8-8A28-906C1A5FC623}.Debug|Any CPU.Build.0 = Debug|Any CPU
		{16066877-D3ED-45F8-8A28-906C1A5FC623}.Release|Any CPU.ActiveCfg = Release|Any CPU
		{16066877-D3ED-45F8-8A28-906C1A5FC623}.Release|Any CPU.Build.0 = Release|Any CPU
		{FDB5E76D-9361-4E11-9F3A-1489D2CD6DFB}.Debug|Any CPU.ActiveCfg = Debug|Any CPU
		{FDB5E76D-9361-4E11-9F3A-1489D2CD6DFB}.Debug|Any CPU.Build.0 = Debug|Any CPU
		{FDB5E76D-9361-4E11-9F3A-1489D2CD6DFB}.Release|Any CPU.ActiveCfg = Release|Any CPU
		{FDB5E76D-9361-4E11-9F3A-1489D2CD6DFB}.Release|Any CPU.Build.0 = Release|Any CPU
		{DECA8324-7102-4180-8990-23E80695E79C}.Debug|Any CPU.ActiveCfg = Debug|Any CPU
		{DECA8324-7102-4180-8990-23E80695E79C}.Debug|Any CPU.Build.0 = Debug|Any CPU
		{DECA8324-7102-4180-8990-23E80695E79C}.Release|Any CPU.ActiveCfg = Release|Any CPU
		{DECA8324-7102-4180-8990-23E80695E79C}.Release|Any CPU.Build.0 = Release|Any CPU
		{A883EF41-1D79-4ADE-9DB5-0E40B0BD7740}.Debug|Any CPU.ActiveCfg = Debug|Any CPU
		{A883EF41-1D79-4ADE-9DB5-0E40B0BD7740}.Debug|Any CPU.Build.0 = Debug|Any CPU
		{A883EF41-1D79-4ADE-9DB5-0E40B0BD7740}.Release|Any CPU.ActiveCfg = Release|Any CPU
		{A883EF41-1D79-4ADE-9DB5-0E40B0BD7740}.Release|Any CPU.Build.0 = Release|Any CPU
		{E7A91A98-B2E7-4D40-B173-2C7C86498D73}.Debug|Any CPU.ActiveCfg = Debug|Any CPU
		{E7A91A98-B2E7-4D40-B173-2C7C86498D73}.Debug|Any CPU.Build.0 = Debug|Any CPU
		{E7A91A98-B2E7-4D40-B173-2C7C86498D73}.Release|Any CPU.ActiveCfg = Release|Any CPU
		{E7A91A98-B2E7-4D40-B173-2C7C86498D73}.Release|Any CPU.Build.0 = Release|Any CPU
		{5D1AEDA3-62F0-491B-828C-568CB1859D5B}.Debug|Any CPU.ActiveCfg = Debug|Any CPU
		{5D1AEDA3-62F0-491B-828C-568CB1859D5B}.Debug|Any CPU.Build.0 = Debug|Any CPU
		{5D1AEDA3-62F0-491B-828C-568CB1859D5B}.Release|Any CPU.ActiveCfg = Release|Any CPU
		{5D1AEDA3-62F0-491B-828C-568CB1859D5B}.Release|Any CPU.Build.0 = Release|Any CPU
	EndGlobalSection
	GlobalSection(SolutionProperties) = preSolution
		HideSolutionNode = FALSE
	EndGlobalSection
	GlobalSection(ExtensibilityGlobals) = postSolution
		SolutionGuid = {3D52A78E-F564-4456-A6D1-A3105D0FDD5E}
	EndGlobalSection
EndGlobal
